
Microsoft Visual Studio Solution File, Format Version 12.00
# Visual Studio Version 17
VisualStudioVersion = 17.0.31903.59
MinimumVisualStudioVersion = 10.0.40219.1
Project("{2150E333-8FDC-42A3-9474-1A3956D46DE8}") = "Files", "Files", "{B15BC017-85CC-4D83-B262-ACF6C9A848ED}"
	ProjectSection(SolutionItems) = preProject
		.gitignore = .gitignore
		.dockerignore = .dockerignore
	EndProjectSection
EndProject
Project("{9A19103F-16F7-4668-BE54-9A1E7A4F7556}") = "StammPhoenix.Build", "src\StammPhoenix.Build\StammPhoenix.Build.csproj", "{D4E9D645-6956-41EB-8CCA-C439E33C629C}"
EndProject
Project("{2150E333-8FDC-42A3-9474-1A3956D46DE8}") = "Core", "Core", "{7385D9FB-B02E-4E99-93CE-BA0883ED1562}"
EndProject
Project("{2150E333-8FDC-42A3-9474-1A3956D46DE8}") = "Application", "Application", "{FBDC10F7-D8EB-40F0-A05E-2C300845E7A0}"
EndProject
Project("{FAE04EC0-301F-11D3-BF4B-00C04F79EFBC}") = "StammPhoenix.Web", "src\StammPhoenix.Web\StammPhoenix.Web.csproj", "{74BD84C4-0D8B-4848-8F67-347A55420B19}"
EndProject
Project("{FAE04EC0-301F-11D3-BF4B-00C04F79EFBC}") = "StammPhoenix.Api", "src\StammPhoenix.Api\StammPhoenix.Api.csproj", "{F67751B5-1E03-44CD-9589-249D6DA6C975}"
EndProject
Project("{FAE04EC0-301F-11D3-BF4B-00C04F79EFBC}") = "StammPhoenix.Domain", "src\StammPhoenix.Domain\StammPhoenix.Domain.csproj", "{04A414CC-8A81-4384-AA95-1950AA224887}"
EndProject
Global
	GlobalSection(SolutionConfigurationPlatforms) = preSolution
		Debug|Any CPU = Debug|Any CPU
		Release|Any CPU = Release|Any CPU
	EndGlobalSection
	GlobalSection(ProjectConfigurationPlatforms) = postSolution
		{D4E9D645-6956-41EB-8CCA-C439E33C629C}.Debug|Any CPU.ActiveCfg = Debug|Any CPU
		{D4E9D645-6956-41EB-8CCA-C439E33C629C}.Release|Any CPU.ActiveCfg = Release|Any CPU
		{74BD84C4-0D8B-4848-8F67-347A55420B19}.Debug|Any CPU.ActiveCfg = Debug|Any CPU
		{74BD84C4-0D8B-4848-8F67-347A55420B19}.Debug|Any CPU.Build.0 = Debug|Any CPU
		{74BD84C4-0D8B-4848-8F67-347A55420B19}.Release|Any CPU.ActiveCfg = Release|Any CPU
		{74BD84C4-0D8B-4848-8F67-347A55420B19}.Release|Any CPU.Build.0 = Release|Any CPU
		{F67751B5-1E03-44CD-9589-249D6DA6C975}.Debug|Any CPU.ActiveCfg = Debug|Any CPU
		{F67751B5-1E03-44CD-9589-249D6DA6C975}.Debug|Any CPU.Build.0 = Debug|Any CPU
		{F67751B5-1E03-44CD-9589-249D6DA6C975}.Release|Any CPU.ActiveCfg = Release|Any CPU
		{F67751B5-1E03-44CD-9589-249D6DA6C975}.Release|Any CPU.Build.0 = Release|Any CPU
		{04A414CC-8A81-4384-AA95-1950AA224887}.Debug|Any CPU.ActiveCfg = Debug|Any CPU
		{04A414CC-8A81-4384-AA95-1950AA224887}.Debug|Any CPU.Build.0 = Debug|Any CPU
		{04A414CC-8A81-4384-AA95-1950AA224887}.Release|Any CPU.ActiveCfg = Release|Any CPU
		{04A414CC-8A81-4384-AA95-1950AA224887}.Release|Any CPU.Build.0 = Release|Any CPU
	EndGlobalSection
	GlobalSection(SolutionProperties) = preSolution
		HideSolutionNode = FALSE
	EndGlobalSection
	GlobalSection(NestedProjects) = preSolution
		{D4E9D645-6956-41EB-8CCA-C439E33C629C} = {7385D9FB-B02E-4E99-93CE-BA0883ED1562}
		{74BD84C4-0D8B-4848-8F67-347A55420B19} = {FBDC10F7-D8EB-40F0-A05E-2C300845E7A0}
		{F67751B5-1E03-44CD-9589-249D6DA6C975} = {FBDC10F7-D8EB-40F0-A05E-2C300845E7A0}
		{04A414CC-8A81-4384-AA95-1950AA224887} = {7385D9FB-B02E-4E99-93CE-BA0883ED1562}
	EndGlobalSection
EndGlobal
